// !$*UTF8*$!
{
	archiveVersion = 1;
	classes = {
	};
	objectVersion = 55;
	objects = {

/* Begin PBXBuildFile section */
		8EDBE9C928049FFA00FB83D1 /* AppDelegate.swift in Sources */ = {isa = PBXBuildFile; fileRef = 8EDBE9C828049FFA00FB83D1 /* AppDelegate.swift */; };
		8EDBE9CB28049FFA00FB83D1 /* SceneDelegate.swift in Sources */ = {isa = PBXBuildFile; fileRef = 8EDBE9CA28049FFA00FB83D1 /* SceneDelegate.swift */; };
		8EDBE9D028049FFA00FB83D1 /* Main.storyboard in Resources */ = {isa = PBXBuildFile; fileRef = 8EDBE9CE28049FFA00FB83D1 /* Main.storyboard */; };
		8EDBE9D228049FFB00FB83D1 /* Assets.xcassets in Resources */ = {isa = PBXBuildFile; fileRef = 8EDBE9D128049FFB00FB83D1 /* Assets.xcassets */; };
		8EDBE9D528049FFB00FB83D1 /* LaunchScreen.storyboard in Resources */ = {isa = PBXBuildFile; fileRef = 8EDBE9D328049FFB00FB83D1 /* LaunchScreen.storyboard */; };
		8EDBE9DD2804A09700FB83D1 /* GameScene.swift in Sources */ = {isa = PBXBuildFile; fileRef = 8EDBE9DC2804A09700FB83D1 /* GameScene.swift */; };
		8EDBE9DF2804A0AA00FB83D1 /* GameViewController.swift in Sources */ = {isa = PBXBuildFile; fileRef = 8EDBE9DE2804A0AA00FB83D1 /* GameViewController.swift */; };
		8EDBE9E12804A0C800FB83D1 /* Balloon.swift in Sources */ = {isa = PBXBuildFile; fileRef = 8EDBE9E02804A0C800FB83D1 /* Balloon.swift */; };
		8EDBE9E32804A62900FB83D1 /* todo.swift in Sources */ = {isa = PBXBuildFile; fileRef = 8EDBE9E22804A62900FB83D1 /* todo.swift */; };
/* End PBXBuildFile section */

/* Begin PBXFileReference section */
		8EDBE9C528049FFA00FB83D1 /* BubblePop.app */ = {isa = PBXFileReference; explicitFileType = wrapper.application; includeInIndex = 0; path = BubblePop.app; sourceTree = BUILT_PRODUCTS_DIR; };
		8EDBE9C828049FFA00FB83D1 /* AppDelegate.swift */ = {isa = PBXFileReference; lastKnownFileType = sourcecode.swift; path = AppDelegate.swift; sourceTree = "<group>"; };
		8EDBE9CA28049FFA00FB83D1 /* SceneDelegate.swift */ = {isa = PBXFileReference; lastKnownFileType = sourcecode.swift; path = SceneDelegate.swift; sourceTree = "<group>"; };
		8EDBE9CF28049FFA00FB83D1 /* Base */ = {isa = PBXFileReference; lastKnownFileType = file.storyboard; name = Base; path = Base.lproj/Main.storyboard; sourceTree = "<group>"; };
		8EDBE9D128049FFB00FB83D1 /* Assets.xcassets */ = {isa = PBXFileReference; lastKnownFileType = folder.assetcatalog; path = Assets.xcassets; sourceTree = "<group>"; };
		8EDBE9D428049FFB00FB83D1 /* Base */ = {isa = PBXFileReference; lastKnownFileType = file.storyboard; name = Base; path = Base.lproj/LaunchScreen.storyboard; sourceTree = "<group>"; };
		8EDBE9D628049FFB00FB83D1 /* Info.plist */ = {isa = PBXFileReference; lastKnownFileType = text.plist.xml; path = Info.plist; sourceTree = "<group>"; };
		8EDBE9DC2804A09700FB83D1 /* GameScene.swift */ = {isa = PBXFileReference; indentWidth = 2; lastKnownFileType = sourcecode.swift; path = GameScene.swift; sourceTree = "<group>"; tabWidth = 2; };
		8EDBE9DE2804A0AA00FB83D1 /* GameViewController.swift */ = {isa = PBXFileReference; indentWidth = 2; lastKnownFileType = sourcecode.swift; path = GameViewController.swift; sourceTree = "<group>"; tabWidth = 2; };
		8EDBE9E02804A0C800FB83D1 /* Balloon.swift */ = {isa = PBXFileReference; lastKnownFileType = sourcecode.swift; path = Balloon.swift; sourceTree = "<group>"; };
		8EDBE9E22804A62900FB83D1 /* todo.swift */ = {isa = PBXFileReference; fileEncoding = 4; lastKnownFileType = sourcecode.swift; name = todo.swift; path = ../../../navigationTutorial/navigationTutorial2/navigationTutorial2/todo.swift; sourceTree = "<group>"; };
		8EDD7682280A8861001C3D7F /* MyPlayground.playground */ = {isa = PBXFileReference; lastKnownFileType = file.playground; path = MyPlayground.playground; sourceTree = "<group>"; xcLanguageSpecificationIdentifier = xcode.lang.swift; };
		8EDD7684280CEE63001C3D7F /* GameScene-Old.md */ = {isa = PBXFileReference; lastKnownFileType = net.daringfireball.markdown; path = "GameScene-Old.md"; sourceTree = "<group>"; };
		8EDD7685280D4C7E001C3D7F /* GameScene-tut1.md */ = {isa = PBXFileReference; lastKnownFileType = net.daringfireball.markdown; path = "GameScene-tut1.md"; sourceTree = "<group>"; };
		8EDD7686280D4CAB001C3D7F /* gamescene-trig.md */ = {isa = PBXFileReference; lastKnownFileType = net.daringfireball.markdown; path = "gamescene-trig.md"; sourceTree = "<group>"; };
		8EDD7687280D4E96001C3D7F /* xcode.md */ = {isa = PBXFileReference; lastKnownFileType = net.daringfireball.markdown; path = xcode.md; sourceTree = "<group>"; };
/* End PBXFileReference section */

/* Begin PBXFrameworksBuildPhase section */
		8EDBE9C228049FFA00FB83D1 /* Frameworks */ = {
			isa = PBXFrameworksBuildPhase;
			buildActionMask = 2147483647;
			files = (
			);
			runOnlyForDeploymentPostprocessing = 0;
		};
/* End PBXFrameworksBuildPhase section */

/* Begin PBXGroup section */
		8EDBE9BC28049FFA00FB83D1 = {
			isa = PBXGroup;
			children = (
				8EDD7687280D4E96001C3D7F /* xcode.md */,
				8EDD7686280D4CAB001C3D7F /* gamescene-trig.md */,
				8EDD7684280CEE63001C3D7F /* GameScene-Old.md */,
				8EDD7685280D4C7E001C3D7F /* GameScene-tut1.md */,
				8EDD7682280A8861001C3D7F /* MyPlayground.playground */,
				8EDBE9C728049FFA00FB83D1 /* BubblePop */,
				8EDBE9C628049FFA00FB83D1 /* Products */,
			);
			sourceTree = "<group>";
		};
		8EDBE9C628049FFA00FB83D1 /* Products */ = {
			isa = PBXGroup;
			children = (
				8EDBE9C528049FFA00FB83D1 /* BubblePop.app */,
			);
			name = Products;
			sourceTree = "<group>";
		};
		8EDBE9C728049FFA00FB83D1 /* BubblePop */ = {
			isa = PBXGroup;
			children = (
				8EDBE9E22804A62900FB83D1 /* todo.swift */,
				8EDBE9C828049FFA00FB83D1 /* AppDelegate.swift */,
				8EDBE9CA28049FFA00FB83D1 /* SceneDelegate.swift */,
				8EDBE9CE28049FFA00FB83D1 /* Main.storyboard */,
				8EDBE9D128049FFB00FB83D1 /* Assets.xcassets */,
				8EDBE9D328049FFB00FB83D1 /* LaunchScreen.storyboard */,
				8EDBE9D628049FFB00FB83D1 /* Info.plist */,
				8EDBE9DC2804A09700FB83D1 /* GameScene.swift */,
				8EDBE9DE2804A0AA00FB83D1 /* GameViewController.swift */,
				8EDBE9E02804A0C800FB83D1 /* Balloon.swift */,
			);
			path = BubblePop;
			sourceTree = "<group>";
		};
/* End PBXGroup section */

/* Begin PBXNativeTarget section */
		8EDBE9C428049FFA00FB83D1 /* BubblePop */ = {
			isa = PBXNativeTarget;
			buildConfigurationList = 8EDBE9D928049FFB00FB83D1 /* Build configuration list for PBXNativeTarget "BubblePop" */;
			buildPhases = (
				8EDBE9C128049FFA00FB83D1 /* Sources */,
				8EDBE9C228049FFA00FB83D1 /* Frameworks */,
				8EDBE9C328049FFA00FB83D1 /* Resources */,
			);
			buildRules = (
			);
			dependencies = (
			);
			name = BubblePop;
			productName = BubblePop;
			productReference = 8EDBE9C528049FFA00FB83D1 /* BubblePop.app */;
			productType = "com.apple.product-type.application";
		};
/* End PBXNativeTarget section */

/* Begin PBXProject section */
		8EDBE9BD28049FFA00FB83D1 /* Project object */ = {
			isa = PBXProject;
			attributes = {
				BuildIndependentTargetsInParallel = 1;
				LastSwiftUpdateCheck = 1330;
				LastUpgradeCheck = 1330;
				TargetAttributes = {
					8EDBE9C428049FFA00FB83D1 = {
						CreatedOnToolsVersion = 13.3;
					};
				};
			};
			buildConfigurationList = 8EDBE9C028049FFA00FB83D1 /* Build configuration list for PBXProject "BubblePop" */;
			compatibilityVersion = "Xcode 13.0";
			developmentRegion = en;
			hasScannedForEncodings = 0;
			knownRegions = (
				en,
				Base,
			);
			mainGroup = 8EDBE9BC28049FFA00FB83D1;
			productRefGroup = 8EDBE9C628049FFA00FB83D1 /* Products */;
			projectDirPath = "";
			projectRoot = "";
			targets = (
				8EDBE9C428049FFA00FB83D1 /* BubblePop */,
			);
		};
/* End PBXProject section */

/* Begin PBXResourcesBuildPhase section */
		8EDBE9C328049FFA00FB83D1 /* Resources */ = {
			isa = PBXResourcesBuildPhase;
			buildActionMask = 2147483647;
			files = (
				8EDBE9D528049FFB00FB83D1 /* LaunchScreen.storyboard in Resources */,
				8EDBE9D228049FFB00FB83D1 /* Assets.xcassets in Resources */,
				8EDBE9D028049FFA00FB83D1 /* Main.storyboard in Resources */,
			);
			runOnlyForDeploymentPostprocessing = 0;
		};
/* End PBXResourcesBuildPhase section */

/* Begin PBXSourcesBuildPhase section */
		8EDBE9C128049FFA00FB83D1 /* Sources */ = {
			isa = PBXSourcesBuildPhase;
			buildActionMask = 2147483647;
			files = (
				8EDBE9DF2804A0AA00FB83D1 /* GameViewController.swift in Sources */,
				8EDBE9E12804A0C800FB83D1 /* Balloon.swift in Sources */,
				8EDBE9E32804A62900FB83D1 /* todo.swift in Sources */,
				8EDBE9C928049FFA00FB83D1 /* AppDelegate.swift in Sources */,
				8EDBE9DD2804A09700FB83D1 /* GameScene.swift in Sources */,
				8EDBE9CB28049FFA00FB83D1 /* SceneDelegate.swift in Sources */,
			);
			runOnlyForDeploymentPostprocessing = 0;
		};
/* End PBXSourcesBuildPhase section */

/* Begin PBXVariantGroup section */
		8EDBE9CE28049FFA00FB83D1 /* Main.storyboard */ = {
			isa = PBXVariantGroup;
			children = (
				8EDBE9CF28049FFA00FB83D1 /* Base */,
			);
			name = Main.storyboard;
			sourceTree = "<group>";
		};
		8EDBE9D328049FFB00FB83D1 /* LaunchScreen.storyboard */ = {
			isa = PBXVariantGroup;
			children = (
				8EDBE9D428049FFB00FB83D1 /* Base */,
			);
			name = LaunchScreen.storyboard;
			sourceTree = "<group>";
		};
/* End PBXVariantGroup section */

/* Begin XCBuildConfiguration section */
		8EDBE9D728049FFB00FB83D1 /* Debug */ = {
			isa = XCBuildConfiguration;
			buildSettings = {
				ALWAYS_SEARCH_USER_PATHS = NO;
				CLANG_ANALYZER_NONNULL = YES;
				CLANG_ANALYZER_NUMBER_OBJECT_CONVERSION = YES_AGGRESSIVE;
				CLANG_CXX_LANGUAGE_STANDARD = "gnu++17";
				CLANG_ENABLE_MODULES = YES;
				CLANG_ENABLE_OBJC_ARC = YES;
				CLANG_ENABLE_OBJC_WEAK = YES;
				CLANG_WARN_BLOCK_CAPTURE_AUTORELEASING = YES;
				CLANG_WARN_BOOL_CONVERSION = YES;
				CLANG_WARN_COMMA = YES;
				CLANG_WARN_CONSTANT_CONVERSION = YES;
				CLANG_WARN_DEPRECATED_OBJC_IMPLEMENTATIONS = YES;
				CLANG_WARN_DIRECT_OBJC_ISA_USAGE = YES_ERROR;
				CLANG_WARN_DOCUMENTATION_COMMENTS = YES;
				CLANG_WARN_EMPTY_BODY = YES;
				CLANG_WARN_ENUM_CONVERSION = YES;
				CLANG_WARN_INFINITE_RECURSION = YES;
				CLANG_WARN_INT_CONVERSION = YES;
				CLANG_WARN_NON_LITERAL_NULL_CONVERSION = YES;
				CLANG_WARN_OBJC_IMPLICIT_RETAIN_SELF = YES;
				CLANG_WARN_OBJC_LITERAL_CONVERSION = YES;
				CLANG_WARN_OBJC_ROOT_CLASS = YES_ERROR;
				CLANG_WARN_QUOTED_INCLUDE_IN_FRAMEWORK_HEADER = YES;
				CLANG_WARN_RANGE_LOOP_ANALYSIS = YES;
				CLANG_WARN_STRICT_PROTOTYPES = YES;
				CLANG_WARN_SUSPICIOUS_MOVE = YES;
				CLANG_WARN_UNGUARDED_AVAILABILITY = YES_AGGRESSIVE;
				CLANG_WARN_UNREACHABLE_CODE = YES;
				CLANG_WARN__DUPLICATE_METHOD_MATCH = YES;
				COPY_PHASE_STRIP = NO;
				DEBUG_INFORMATION_FORMAT = dwarf;
				ENABLE_STRICT_OBJC_MSGSEND = YES;
				ENABLE_TESTABILITY = YES;
				GCC_C_LANGUAGE_STANDARD = gnu11;
				GCC_DYNAMIC_NO_PIC = NO;
				GCC_NO_COMMON_BLOCKS = YES;
				GCC_OPTIMIZATION_LEVEL = 0;
				GCC_PREPROCESSOR_DEFINITIONS = (
					"DEBUG=1",
					"$(inherited)",
				);
				GCC_WARN_64_TO_32_BIT_CONVERSION = YES;
				GCC_WARN_ABOUT_RETURN_TYPE = YES_ERROR;
				GCC_WARN_UNDECLARED_SELECTOR = YES;
				GCC_WARN_UNINITIALIZED_AUTOS = YES_AGGRESSIVE;
				GCC_WARN_UNUSED_FUNCTION = YES;
				GCC_WARN_UNUSED_VARIABLE = YES;
				IPHONEOS_DEPLOYMENT_TARGET = 15.4;
				MTL_ENABLE_DEBUG_INFO = INCLUDE_SOURCE;
				MTL_FAST_MATH = YES;
				ONLY_ACTIVE_ARCH = YES;
				SDKROOT = iphoneos;
				SWIFT_ACTIVE_COMPILATION_CONDITIONS = DEBUG;
				SWIFT_OPTIMIZATION_LEVEL = "-Onone";
			};
			name = Debug;
		};
		8EDBE9D828049FFB00FB83D1 /* Release */ = {
			isa = XCBuildConfiguration;
			buildSettings = {
				ALWAYS_SEARCH_USER_PATHS = NO;
				CLANG_ANALYZER_NONNULL = YES;
				CLANG_ANALYZER_NUMBER_OBJECT_CONVERSION = YES_AGGRESSIVE;
				CLANG_CXX_LANGUAGE_STANDARD = "gnu++17";
				CLANG_ENABLE_MODULES = YES;
				CLANG_ENABLE_OBJC_ARC = YES;
				CLANG_ENABLE_OBJC_WEAK = YES;
				CLANG_WARN_BLOCK_CAPTURE_AUTORELEASING = YES;
				CLANG_WARN_BOOL_CONVERSION = YES;
				CLANG_WARN_COMMA = YES;
				CLANG_WARN_CONSTANT_CONVERSION = YES;
				CLANG_WARN_DEPRECATED_OBJC_IMPLEMENTATIONS = YES;
				CLANG_WARN_DIRECT_OBJC_ISA_USAGE = YES_ERROR;
				CLANG_WARN_DOCUMENTATION_COMMENTS = YES;
				CLANG_WARN_EMPTY_BODY = YES;
				CLANG_WARN_ENUM_CONVERSION = YES;
				CLANG_WARN_INFINITE_RECURSION = YES;
				CLANG_WARN_INT_CONVERSION = YES;
				CLANG_WARN_NON_LITERAL_NULL_CONVERSION = YES;
				CLANG_WARN_OBJC_IMPLICIT_RETAIN_SELF = YES;
				CLANG_WARN_OBJC_LITERAL_CONVERSION = YES;
				CLANG_WARN_OBJC_ROOT_CLASS = YES_ERROR;
				CLANG_WARN_QUOTED_INCLUDE_IN_FRAMEWORK_HEADER = YES;
				CLANG_WARN_RANGE_LOOP_ANALYSIS = YES;
				CLANG_WARN_STRICT_PROTOTYPES = YES;
				CLANG_WARN_SUSPICIOUS_MOVE = YES;
				CLANG_WARN_UNGUARDED_AVAILABILITY = YES_AGGRESSIVE;
				CLANG_WARN_UNREACHABLE_CODE = YES;
				CLANG_WARN__DUPLICATE_METHOD_MATCH = YES;
				COPY_PHASE_STRIP = NO;
				DEBUG_INFORMATION_FORMAT = "dwarf-with-dsym";
				ENABLE_NS_ASSERTIONS = NO;
				ENABLE_STRICT_OBJC_MSGSEND = YES;
				GCC_C_LANGUAGE_STANDARD = gnu11;
				GCC_NO_COMMON_BLOCKS = YES;
				GCC_WARN_64_TO_32_BIT_CONVERSION = YES;
				GCC_WARN_ABOUT_RETURN_TYPE = YES_ERROR;
				GCC_WARN_UNDECLARED_SELECTOR = YES;
				GCC_WARN_UNINITIALIZED_AUTOS = YES_AGGRESSIVE;
				GCC_WARN_UNUSED_FUNCTION = YES;
				GCC_WARN_UNUSED_VARIABLE = YES;
				IPHONEOS_DEPLOYMENT_TARGET = 15.4;
				MTL_ENABLE_DEBUG_INFO = NO;
				MTL_FAST_MATH = YES;
				SDKROOT = iphoneos;
				SWIFT_COMPILATION_MODE = wholemodule;
				SWIFT_OPTIMIZATION_LEVEL = "-O";
				VALIDATE_PRODUCT = YES;
			};
			name = Release;
		};
		8EDBE9DA28049FFB00FB83D1 /* Debug */ = {
			isa = XCBuildConfiguration;
			buildSettings = {
				ASSETCATALOG_COMPILER_APPICON_NAME = AppIcon;
				ASSETCATALOG_COMPILER_GLOBAL_ACCENT_COLOR_NAME = AccentColor;
				CODE_SIGN_STYLE = Automatic;
				CURRENT_PROJECT_VERSION = 1;
				DEVELOPMENT_TEAM = K2K42B9HW3;
				GENERATE_INFOPLIST_FILE = YES;
				INFOPLIST_FILE = BubblePop/Info.plist;
				INFOPLIST_KEY_UIApplicationSupportsIndirectInputEvents = YES;
				INFOPLIST_KEY_UILaunchStoryboardName = LaunchScreen;
				INFOPLIST_KEY_UIMainStoryboardFile = Main;
				INFOPLIST_KEY_UISupportedInterfaceOrientations_iPad = "UIInterfaceOrientationPortrait UIInterfaceOrientationPortraitUpsideDown UIInterfaceOrientationLandscapeLeft UIInterfaceOrientationLandscapeRight";
				INFOPLIST_KEY_UISupportedInterfaceOrientations_iPhone = "UIInterfaceOrientationPortrait UIInterfaceOrientationLandscapeLeft UIInterfaceOrientationLandscapeRight";
				LD_RUNPATH_SEARCH_PATHS = (
					"$(inherited)",
					"@executable_path/Frameworks",
				);
				MARKETING_VERSION = 1.0;
				PRODUCT_BUNDLE_IDENTIFIER = xyz.polgar.BubblePop;
				PRODUCT_NAME = "$(TARGET_NAME)";
				SWIFT_EMIT_LOC_STRINGS = YES;
				SWIFT_VERSION = 5.0;
				TARGETED_DEVICE_FAMILY = "1,2";
			};
			name = Debug;
		};
		8EDBE9DB28049FFB00FB83D1 /* Release */ = {
			isa = XCBuildConfiguration;
			buildSettings = {
				ASSETCATALOG_COMPILER_APPICON_NAME = AppIcon;
				ASSETCATALOG_COMPILER_GLOBAL_ACCENT_COLOR_NAME = AccentColor;
				CODE_SIGN_STYLE = Automatic;
				CURRENT_PROJECT_VERSION = 1;
				DEVELOPMENT_TEAM = K2K42B9HW3;
				GENERATE_INFOPLIST_FILE = YES;
				INFOPLIST_FILE = BubblePop/Info.plist;
				INFOPLIST_KEY_UIApplicationSupportsIndirectInputEvents = YES;
				INFOPLIST_KEY_UILaunchStoryboardName = LaunchScreen;
				INFOPLIST_KEY_UIMainStoryboardFile = Main;
				INFOPLIST_KEY_UISupportedInterfaceOrientations_iPad = "UIInterfaceOrientationPortrait UIInterfaceOrientationPortraitUpsideDown UIInterfaceOrientationLandscapeLeft UIInterfaceOrientationLandscapeRight";
				INFOPLIST_KEY_UISupportedInterfaceOrientations_iPhone = "UIInterfaceOrientationPortrait UIInterfaceOrientationLandscapeLeft UIInterfaceOrientationLandscapeRight";
				LD_RUNPATH_SEARCH_PATHS = (
					"$(inherited)",
					"@executable_path/Frameworks",
				);
				MARKETING_VERSION = 1.0;
				PRODUCT_BUNDLE_IDENTIFIER = xyz.polgar.BubblePop;
				PRODUCT_NAME = "$(TARGET_NAME)";
				SWIFT_EMIT_LOC_STRINGS = YES;
				SWIFT_VERSION = 5.0;
				TARGETED_DEVICE_FAMILY = "1,2";
			};
			name = Release;
		};
/* End XCBuildConfiguration section */

/* Begin XCConfigurationList section */
		8EDBE9C028049FFA00FB83D1 /* Build configuration list for PBXProject "BubblePop" */ = {
			isa = XCConfigurationList;
			buildConfigurations = (
				8EDBE9D728049FFB00FB83D1 /* Debug */,
				8EDBE9D828049FFB00FB83D1 /* Release */,
			);
			defaultConfigurationIsVisible = 0;
			defaultConfigurationName = Release;
		};
		8EDBE9D928049FFB00FB83D1 /* Build configuration list for PBXNativeTarget "BubblePop" */ = {
			isa = XCConfigurationList;
			buildConfigurations = (
				8EDBE9DA28049FFB00FB83D1 /* Debug */,
				8EDBE9DB28049FFB00FB83D1 /* Release */,
			);
			defaultConfigurationIsVisible = 0;
			defaultConfigurationName = Release;
		};
/* End XCConfigurationList section */
	};
	rootObject = 8EDBE9BD28049FFA00FB83D1 /* Project object */;
}
